// !$*UTF8*$!
{
	archiveVersion = 1;
	classes = {
	};
	objectVersion = 55;
	objects = {

/* Begin PBXBuildFile section */
		1738AC2C2913BFC000E7C4C7 /* Menu.swift in Sources */ = {isa = PBXBuildFile; fileRef = 1738AC2B2913BFC000E7C4C7 /* Menu.swift */; };
		17DC1C242913AE4B00E1EEDB /* HealthApp.swift in Sources */ = {isa = PBXBuildFile; fileRef = 17DC1C232913AE4B00E1EEDB /* HealthApp.swift */; };
		17DC1C262913AE4B00E1EEDB /* ContentView.swift in Sources */ = {isa = PBXBuildFile; fileRef = 17DC1C252913AE4B00E1EEDB /* ContentView.swift */; };
		17DC1C282913AE4D00E1EEDB /* Assets.xcassets in Resources */ = {isa = PBXBuildFile; fileRef = 17DC1C272913AE4D00E1EEDB /* Assets.xcassets */; };
		17DC1C2C2913AE4D00E1EEDB /* Preview Assets.xcassets in Resources */ = {isa = PBXBuildFile; fileRef = 17DC1C2B2913AE4D00E1EEDB /* Preview Assets.xcassets */; };
		17DC1C352913AECC00E1EEDB /* DateModel.swift in Sources */ = {isa = PBXBuildFile; fileRef = 17DC1C322913AECC00E1EEDB /* DateModel.swift */; };
		17DC1C362913AECC00E1EEDB /* Model.swift in Sources */ = {isa = PBXBuildFile; fileRef = 17DC1C332913AECC00E1EEDB /* Model.swift */; };
		17DC1C372913AECC00E1EEDB /* WithState.swift in Sources */ = {isa = PBXBuildFile; fileRef = 17DC1C342913AECC00E1EEDB /* WithState.swift */; };
		17DC1C392913B00D00E1EEDB /* Dashboard.swift in Sources */ = {isa = PBXBuildFile; fileRef = 17DC1C382913B00D00E1EEDB /* Dashboard.swift */; };
		17DC1C3B2913B08D00E1EEDB /* Card.swift in Sources */ = {isa = PBXBuildFile; fileRef = 17DC1C3A2913B08D00E1EEDB /* Card.swift */; };
		17DC1C3D2913B15100E1EEDB /* Friends.swift in Sources */ = {isa = PBXBuildFile; fileRef = 17DC1C3C2913B15100E1EEDB /* Friends.swift */; };
		17DC1C3F2913B16F00E1EEDB /* ActivityCell.swift in Sources */ = {isa = PBXBuildFile; fileRef = 17DC1C3E2913B16F00E1EEDB /* ActivityCell.swift */; };
		17DC1C412913B18F00E1EEDB /* RemoteImage.swift in Sources */ = {isa = PBXBuildFile; fileRef = 17DC1C402913B18F00E1EEDB /* RemoteImage.swift */; };
		17DC1C452913B8F400E1EEDB /* Detail.swift in Sources */ = {isa = PBXBuildFile; fileRef = 17DC1C432913B8F400E1EEDB /* Detail.swift */; };
		17DC1C462913B8F400E1EEDB /* DateStepper.swift in Sources */ = {isa = PBXBuildFile; fileRef = 17DC1C442913B8F400E1EEDB /* DateStepper.swift */; };
		17DC1C482913B93C00E1EEDB /* CustomPicker.swift in Sources */ = {isa = PBXBuildFile; fileRef = 17DC1C472913B93C00E1EEDB /* CustomPicker.swift */; };
		17DC1C4A2913BB2D00E1EEDB /* Stylesheet.swift in Sources */ = {isa = PBXBuildFile; fileRef = 17DC1C492913BB2D00E1EEDB /* Stylesheet.swift */; };
		17DC1C4E2913BE4700E1EEDB /* Badge.swift in Sources */ = {isa = PBXBuildFile; fileRef = 17DC1C4D2913BE4700E1EEDB /* Badge.swift */; };
/* End PBXBuildFile section */

/* Begin PBXFileReference section */
		1738AC2B2913BFC000E7C4C7 /* Menu.swift */ = {isa = PBXFileReference; fileEncoding = 4; lastKnownFileType = sourcecode.swift; path = Menu.swift; sourceTree = "<group>"; };
		17DC1C202913AE4B00E1EEDB /* Health.app */ = {isa = PBXFileReference; explicitFileType = wrapper.application; includeInIndex = 0; path = Health.app; sourceTree = BUILT_PRODUCTS_DIR; };
		17DC1C232913AE4B00E1EEDB /* HealthApp.swift */ = {isa = PBXFileReference; lastKnownFileType = sourcecode.swift; path = HealthApp.swift; sourceTree = "<group>"; };
		17DC1C252913AE4B00E1EEDB /* ContentView.swift */ = {isa = PBXFileReference; lastKnownFileType = sourcecode.swift; path = ContentView.swift; sourceTree = "<group>"; };
		17DC1C272913AE4D00E1EEDB /* Assets.xcassets */ = {isa = PBXFileReference; lastKnownFileType = folder.assetcatalog; path = Assets.xcassets; sourceTree = "<group>"; };
		17DC1C292913AE4D00E1EEDB /* Health.entitlements */ = {isa = PBXFileReference; lastKnownFileType = text.plist.entitlements; path = Health.entitlements; sourceTree = "<group>"; };
		17DC1C2B2913AE4D00E1EEDB /* Preview Assets.xcassets */ = {isa = PBXFileReference; lastKnownFileType = folder.assetcatalog; path = "Preview Assets.xcassets"; sourceTree = "<group>"; };
		17DC1C322913AECC00E1EEDB /* DateModel.swift */ = {isa = PBXFileReference; fileEncoding = 4; lastKnownFileType = sourcecode.swift; path = DateModel.swift; sourceTree = "<group>"; };
		17DC1C332913AECC00E1EEDB /* Model.swift */ = {isa = PBXFileReference; fileEncoding = 4; lastKnownFileType = sourcecode.swift; path = Model.swift; sourceTree = "<group>"; };
		17DC1C342913AECC00E1EEDB /* WithState.swift */ = {isa = PBXFileReference; fileEncoding = 4; lastKnownFileType = sourcecode.swift; path = WithState.swift; sourceTree = "<group>"; };
		17DC1C382913B00D00E1EEDB /* Dashboard.swift */ = {isa = PBXFileReference; fileEncoding = 4; lastKnownFileType = sourcecode.swift; path = Dashboard.swift; sourceTree = "<group>"; };
		17DC1C3A2913B08D00E1EEDB /* Card.swift */ = {isa = PBXFileReference; lastKnownFileType = sourcecode.swift; path = Card.swift; sourceTree = "<group>"; };
		17DC1C3C2913B15100E1EEDB /* Friends.swift */ = {isa = PBXFileReference; fileEncoding = 4; lastKnownFileType = sourcecode.swift; path = Friends.swift; sourceTree = "<group>"; };
		17DC1C3E2913B16F00E1EEDB /* ActivityCell.swift */ = {isa = PBXFileReference; fileEncoding = 4; lastKnownFileType = sourcecode.swift; path = ActivityCell.swift; sourceTree = "<group>"; };
		17DC1C402913B18F00E1EEDB /* RemoteImage.swift */ = {isa = PBXFileReference; fileEncoding = 4; lastKnownFileType = sourcecode.swift; path = RemoteImage.swift; sourceTree = "<group>"; };
		17DC1C432913B8F400E1EEDB /* Detail.swift */ = {isa = PBXFileReference; fileEncoding = 4; lastKnownFileType = sourcecode.swift; path = Detail.swift; sourceTree = "<group>"; };
		17DC1C442913B8F400E1EEDB /* DateStepper.swift */ = {isa = PBXFileReference; fileEncoding = 4; lastKnownFileType = sourcecode.swift; path = DateStepper.swift; sourceTree = "<group>"; };
		17DC1C472913B93C00E1EEDB /* CustomPicker.swift */ = {isa = PBXFileReference; lastKnownFileType = sourcecode.swift; path = CustomPicker.swift; sourceTree = "<group>"; };
		17DC1C492913BB2D00E1EEDB /* Stylesheet.swift */ = {isa = PBXFileReference; fileEncoding = 4; lastKnownFileType = sourcecode.swift; path = Stylesheet.swift; sourceTree = "<group>"; };
		17DC1C4D2913BE4700E1EEDB /* Badge.swift */ = {isa = PBXFileReference; fileEncoding = 4; lastKnownFileType = sourcecode.swift; path = Badge.swift; sourceTree = "<group>"; };
/* End PBXFileReference section */

/* Begin PBXFrameworksBuildPhase section */
		17DC1C1D2913AE4B00E1EEDB /* Frameworks */ = {
			isa = PBXFrameworksBuildPhase;
			buildActionMask = 2147483647;
			files = (
			);
			runOnlyForDeploymentPostprocessing = 0;
		};
/* End PBXFrameworksBuildPhase section */

/* Begin PBXGroup section */
		17DC1C172913AE4B00E1EEDB = {
			isa = PBXGroup;
			children = (
				17DC1C222913AE4B00E1EEDB /* Health */,
				17DC1C212913AE4B00E1EEDB /* Products */,
			);
			sourceTree = "<group>";
		};
		17DC1C212913AE4B00E1EEDB /* Products */ = {
			isa = PBXGroup;
			children = (
				17DC1C202913AE4B00E1EEDB /* Health.app */,
			);
			name = Products;
			sourceTree = "<group>";
		};
		17DC1C222913AE4B00E1EEDB /* Health */ = {
			isa = PBXGroup;
			children = (
				17DC1C232913AE4B00E1EEDB /* HealthApp.swift */,
				17DC1C252913AE4B00E1EEDB /* ContentView.swift */,
				17DC1C322913AECC00E1EEDB /* DateModel.swift */,
				17DC1C332913AECC00E1EEDB /* Model.swift */,
				17DC1C342913AECC00E1EEDB /* WithState.swift */,
				17DC1C382913B00D00E1EEDB /* Dashboard.swift */,
				17DC1C3A2913B08D00E1EEDB /* Card.swift */,
				17DC1C3C2913B15100E1EEDB /* Friends.swift */,
				17DC1C3E2913B16F00E1EEDB /* ActivityCell.swift */,
				17DC1C402913B18F00E1EEDB /* RemoteImage.swift */,
				17DC1C442913B8F400E1EEDB /* DateStepper.swift */,
				17DC1C432913B8F400E1EEDB /* Detail.swift */,
				17DC1C472913B93C00E1EEDB /* CustomPicker.swift */,
				17DC1C492913BB2D00E1EEDB /* Stylesheet.swift */,
				17DC1C4D2913BE4700E1EEDB /* Badge.swift */,
				1738AC2B2913BFC000E7C4C7 /* Menu.swift */,
				17DC1C272913AE4D00E1EEDB /* Assets.xcassets */,
				17DC1C292913AE4D00E1EEDB /* Health.entitlements */,
				17DC1C2A2913AE4D00E1EEDB /* Preview Content */,
			);
			path = Health;
			sourceTree = "<group>";
		};
		17DC1C2A2913AE4D00E1EEDB /* Preview Content */ = {
			isa = PBXGroup;
			children = (
				17DC1C2B2913AE4D00E1EEDB /* Preview Assets.xcassets */,
			);
			path = "Preview Content";
			sourceTree = "<group>";
		};
/* End PBXGroup section */

/* Begin PBXNativeTarget section */
		17DC1C1F2913AE4B00E1EEDB /* Health */ = {
			isa = PBXNativeTarget;
			buildConfigurationList = 17DC1C2F2913AE4D00E1EEDB /* Build configuration list for PBXNativeTarget "Health" */;
			buildPhases = (
				17DC1C1C2913AE4B00E1EEDB /* Sources */,
				17DC1C1D2913AE4B00E1EEDB /* Frameworks */,
				17DC1C1E2913AE4B00E1EEDB /* Resources */,
			);
			buildRules = (
			);
			dependencies = (
			);
			name = Health;
			productName = Health;
			productReference = 17DC1C202913AE4B00E1EEDB /* Health.app */;
			productType = "com.apple.product-type.application";
		};
/* End PBXNativeTarget section */

/* Begin PBXProject section */
		17DC1C182913AE4B00E1EEDB /* Project object */ = {
			isa = PBXProject;
			attributes = {
				BuildIndependentTargetsInParallel = 1;
				LastSwiftUpdateCheck = 1410;
				LastUpgradeCheck = 1410;
				TargetAttributes = {
					17DC1C1F2913AE4B00E1EEDB = {
						CreatedOnToolsVersion = 14.1;
					};
				};
			};
			buildConfigurationList = 17DC1C1B2913AE4B00E1EEDB /* Build configuration list for PBXProject "Health" */;
			compatibilityVersion = "Xcode 13.0";
			developmentRegion = en;
			hasScannedForEncodings = 0;
			knownRegions = (
				en,
				Base,
			);
			mainGroup = 17DC1C172913AE4B00E1EEDB;
			productRefGroup = 17DC1C212913AE4B00E1EEDB /* Products */;
			projectDirPath = "";
			projectRoot = "";
			targets = (
				17DC1C1F2913AE4B00E1EEDB /* Health */,
			);
		};
/* End PBXProject section */

/* Begin PBXResourcesBuildPhase section */
		17DC1C1E2913AE4B00E1EEDB /* Resources */ = {
			isa = PBXResourcesBuildPhase;
			buildActionMask = 2147483647;
			files = (
				17DC1C2C2913AE4D00E1EEDB /* Preview Assets.xcassets in Resources */,
				17DC1C282913AE4D00E1EEDB /* Assets.xcassets in Resources */,
			);
			runOnlyForDeploymentPostprocessing = 0;
		};
/* End PBXResourcesBuildPhase section */

/* Begin PBXSourcesBuildPhase section */
		17DC1C1C2913AE4B00E1EEDB /* Sources */ = {
			isa = PBXSourcesBuildPhase;
			buildActionMask = 2147483647;
			files = (
				17DC1C482913B93C00E1EEDB /* CustomPicker.swift in Sources */,
				17DC1C262913AE4B00E1EEDB /* ContentView.swift in Sources */,
				17DC1C462913B8F400E1EEDB /* DateStepper.swift in Sources */,
				17DC1C4E2913BE4700E1EEDB /* Badge.swift in Sources */,
				17DC1C242913AE4B00E1EEDB /* HealthApp.swift in Sources */,
				17DC1C3B2913B08D00E1EEDB /* Card.swift in Sources */,
				17DC1C412913B18F00E1EEDB /* RemoteImage.swift in Sources */,
				17DC1C3D2913B15100E1EEDB /* Friends.swift in Sources */,
				17DC1C3F2913B16F00E1EEDB /* ActivityCell.swift in Sources */,
				17DC1C352913AECC00E1EEDB /* DateModel.swift in Sources */,
				1738AC2C2913BFC000E7C4C7 /* Menu.swift in Sources */,
				17DC1C372913AECC00E1EEDB /* WithState.swift in Sources */,
				17DC1C392913B00D00E1EEDB /* Dashboard.swift in Sources */,
				17DC1C4A2913BB2D00E1EEDB /* Stylesheet.swift in Sources */,
				17DC1C452913B8F400E1EEDB /* Detail.swift in Sources */,
				17DC1C362913AECC00E1EEDB /* Model.swift in Sources */,
			);
			runOnlyForDeploymentPostprocessing = 0;
		};
/* End PBXSourcesBuildPhase section */

/* Begin XCBuildConfiguration section */
		17DC1C2D2913AE4D00E1EEDB /* Debug */ = {
			isa = XCBuildConfiguration;
			buildSettings = {
				ALWAYS_SEARCH_USER_PATHS = NO;
				CLANG_ANALYZER_NONNULL = YES;
				CLANG_ANALYZER_NUMBER_OBJECT_CONVERSION = YES_AGGRESSIVE;
				CLANG_CXX_LANGUAGE_STANDARD = "gnu++20";
				CLANG_ENABLE_MODULES = YES;
				CLANG_ENABLE_OBJC_ARC = YES;
				CLANG_ENABLE_OBJC_WEAK = YES;
				CLANG_WARN_BLOCK_CAPTURE_AUTORELEASING = YES;
				CLANG_WARN_BOOL_CONVERSION = YES;
				CLANG_WARN_COMMA = YES;
				CLANG_WARN_CONSTANT_CONVERSION = YES;
				CLANG_WARN_DEPRECATED_OBJC_IMPLEMENTATIONS = YES;
				CLANG_WARN_DIRECT_OBJC_ISA_USAGE = YES_ERROR;
				CLANG_WARN_DOCUMENTATION_COMMENTS = YES;
				CLANG_WARN_EMPTY_BODY = YES;
				CLANG_WARN_ENUM_CONVERSION = YES;
				CLANG_WARN_INFINITE_RECURSION = YES;
				CLANG_WARN_INT_CONVERSION = YES;
				CLANG_WARN_NON_LITERAL_NULL_CONVERSION = YES;
				CLANG_WARN_OBJC_IMPLICIT_RETAIN_SELF = YES;
				CLANG_WARN_OBJC_LITERAL_CONVERSION = YES;
				CLANG_WARN_OBJC_ROOT_CLASS = YES_ERROR;
				CLANG_WARN_QUOTED_INCLUDE_IN_FRAMEWORK_HEADER = YES;
				CLANG_WARN_RANGE_LOOP_ANALYSIS = YES;
				CLANG_WARN_STRICT_PROTOTYPES = YES;
				CLANG_WARN_SUSPICIOUS_MOVE = YES;
				CLANG_WARN_UNGUARDED_AVAILABILITY = YES_AGGRESSIVE;
				CLANG_WARN_UNREACHABLE_CODE = YES;
				CLANG_WARN__DUPLICATE_METHOD_MATCH = YES;
				COPY_PHASE_STRIP = NO;
				DEBUG_INFORMATION_FORMAT = dwarf;
				ENABLE_STRICT_OBJC_MSGSEND = YES;
				ENABLE_TESTABILITY = YES;
				GCC_C_LANGUAGE_STANDARD = gnu11;
				GCC_DYNAMIC_NO_PIC = NO;
				GCC_NO_COMMON_BLOCKS = YES;
				GCC_OPTIMIZATION_LEVEL = 0;
				GCC_PREPROCESSOR_DEFINITIONS = (
					"DEBUG=1",
					"$(inherited)",
				);
				GCC_WARN_64_TO_32_BIT_CONVERSION = YES;
				GCC_WARN_ABOUT_RETURN_TYPE = YES_ERROR;
				GCC_WARN_UNDECLARED_SELECTOR = YES;
				GCC_WARN_UNINITIALIZED_AUTOS = YES_AGGRESSIVE;
				GCC_WARN_UNUSED_FUNCTION = YES;
				GCC_WARN_UNUSED_VARIABLE = YES;
				MTL_ENABLE_DEBUG_INFO = INCLUDE_SOURCE;
				MTL_FAST_MATH = YES;
				ONLY_ACTIVE_ARCH = YES;
				SWIFT_ACTIVE_COMPILATION_CONDITIONS = DEBUG;
				SWIFT_OPTIMIZATION_LEVEL = "-Onone";
			};
			name = Debug;
		};
		17DC1C2E2913AE4D00E1EEDB /* Release */ = {
			isa = XCBuildConfiguration;
			buildSettings = {
				ALWAYS_SEARCH_USER_PATHS = NO;
				CLANG_ANALYZER_NONNULL = YES;
				CLANG_ANALYZER_NUMBER_OBJECT_CONVERSION = YES_AGGRESSIVE;
				CLANG_CXX_LANGUAGE_STANDARD = "gnu++20";
				CLANG_ENABLE_MODULES = YES;
				CLANG_ENABLE_OBJC_ARC = YES;
				CLANG_ENABLE_OBJC_WEAK = YES;
				CLANG_WARN_BLOCK_CAPTURE_AUTORELEASING = YES;
				CLANG_WARN_BOOL_CONVERSION = YES;
				CLANG_WARN_COMMA = YES;
				CLANG_WARN_CONSTANT_CONVERSION = YES;
				CLANG_WARN_DEPRECATED_OBJC_IMPLEMENTATIONS = YES;
				CLANG_WARN_DIRECT_OBJC_ISA_USAGE = YES_ERROR;
				CLANG_WARN_DOCUMENTATION_COMMENTS = YES;
				CLANG_WARN_EMPTY_BODY = YES;
				CLANG_WARN_ENUM_CONVERSION = YES;
				CLANG_WARN_INFINITE_RECURSION = YES;
				CLANG_WARN_INT_CONVERSION = YES;
				CLANG_WARN_NON_LITERAL_NULL_CONVERSION = YES;
				CLANG_WARN_OBJC_IMPLICIT_RETAIN_SELF = YES;
				CLANG_WARN_OBJC_LITERAL_CONVERSION = YES;
				CLANG_WARN_OBJC_ROOT_CLASS = YES_ERROR;
				CLANG_WARN_QUOTED_INCLUDE_IN_FRAMEWORK_HEADER = YES;
				CLANG_WARN_RANGE_LOOP_ANALYSIS = YES;
				CLANG_WARN_STRICT_PROTOTYPES = YES;
				CLANG_WARN_SUSPICIOUS_MOVE = YES;
				CLANG_WARN_UNGUARDED_AVAILABILITY = YES_AGGRESSIVE;
				CLANG_WARN_UNREACHABLE_CODE = YES;
				CLANG_WARN__DUPLICATE_METHOD_MATCH = YES;
				COPY_PHASE_STRIP = NO;
				DEBUG_INFORMATION_FORMAT = "dwarf-with-dsym";
				ENABLE_NS_ASSERTIONS = NO;
				ENABLE_STRICT_OBJC_MSGSEND = YES;
				GCC_C_LANGUAGE_STANDARD = gnu11;
				GCC_NO_COMMON_BLOCKS = YES;
				GCC_WARN_64_TO_32_BIT_CONVERSION = YES;
				GCC_WARN_ABOUT_RETURN_TYPE = YES_ERROR;
				GCC_WARN_UNDECLARED_SELECTOR = YES;
				GCC_WARN_UNINITIALIZED_AUTOS = YES_AGGRESSIVE;
				GCC_WARN_UNUSED_FUNCTION = YES;
				GCC_WARN_UNUSED_VARIABLE = YES;
				MTL_ENABLE_DEBUG_INFO = NO;
				MTL_FAST_MATH = YES;
				SWIFT_COMPILATION_MODE = wholemodule;
				SWIFT_OPTIMIZATION_LEVEL = "-O";
			};
			name = Release;
		};
		17DC1C302913AE4D00E1EEDB /* Debug */ = {
			isa = XCBuildConfiguration;
			buildSettings = {
				ASSETCATALOG_COMPILER_APPICON_NAME = AppIcon;
				ASSETCATALOG_COMPILER_GLOBAL_ACCENT_COLOR_NAME = AccentColor;
				CODE_SIGN_ENTITLEMENTS = Health/Health.entitlements;
				CODE_SIGN_STYLE = Automatic;
				CURRENT_PROJECT_VERSION = 1;
				DEVELOPMENT_ASSET_PATHS = "\"Health/Preview Content\"";
				ENABLE_PREVIEWS = YES;
				GENERATE_INFOPLIST_FILE = YES;
				"INFOPLIST_KEY_UIApplicationSceneManifest_Generation[sdk=iphoneos*]" = YES;
				"INFOPLIST_KEY_UIApplicationSceneManifest_Generation[sdk=iphonesimulator*]" = YES;
				"INFOPLIST_KEY_UIApplicationSupportsIndirectInputEvents[sdk=iphoneos*]" = YES;
				"INFOPLIST_KEY_UIApplicationSupportsIndirectInputEvents[sdk=iphonesimulator*]" = YES;
				"INFOPLIST_KEY_UILaunchScreen_Generation[sdk=iphoneos*]" = YES;
				"INFOPLIST_KEY_UILaunchScreen_Generation[sdk=iphonesimulator*]" = YES;
				"INFOPLIST_KEY_UIStatusBarStyle[sdk=iphoneos*]" = UIStatusBarStyleDefault;
				"INFOPLIST_KEY_UIStatusBarStyle[sdk=iphonesimulator*]" = UIStatusBarStyleDefault;
				INFOPLIST_KEY_UISupportedInterfaceOrientations_iPad = "UIInterfaceOrientationPortrait UIInterfaceOrientationPortraitUpsideDown UIInterfaceOrientationLandscapeLeft UIInterfaceOrientationLandscapeRight";
				INFOPLIST_KEY_UISupportedInterfaceOrientations_iPhone = "UIInterfaceOrientationPortrait UIInterfaceOrientationLandscapeLeft UIInterfaceOrientationLandscapeRight";
				IPHONEOS_DEPLOYMENT_TARGET = 15.6;
				LD_RUNPATH_SEARCH_PATHS = "@executable_path/Frameworks";
				"LD_RUNPATH_SEARCH_PATHS[sdk=macosx*]" = "@executable_path/../Frameworks";
				MACOSX_DEPLOYMENT_TARGET = 13.0;
				MARKETING_VERSION = 1.0;
				PRODUCT_BUNDLE_IDENTIFIER = io.objc.Health;
				PRODUCT_NAME = "$(TARGET_NAME)";
				SDKROOT = auto;
				SUPPORTED_PLATFORMS = "iphoneos iphonesimulator";
				SUPPORTS_MACCATALYST = NO;
				SUPPORTS_MAC_DESIGNED_FOR_IPHONE_IPAD = NO;
				SWIFT_EMIT_LOC_STRINGS = YES;
				SWIFT_VERSION = 5.0;
				TARGETED_DEVICE_FAMILY = "1,2";
			};
			name = Debug;
		};
		17DC1C312913AE4D00E1EEDB /* Release */ = {
			isa = XCBuildConfiguration;
			buildSettings = {
				ASSETCATALOG_COMPILER_APPICON_NAME = AppIcon;
				ASSETCATALOG_COMPILER_GLOBAL_ACCENT_COLOR_NAME = AccentColor;
				CODE_SIGN_ENTITLEMENTS = Health/Health.entitlements;
				CODE_SIGN_STYLE = Automatic;
				CURRENT_PROJECT_VERSION = 1;
				DEVELOPMENT_ASSET_PATHS = "\"Health/Preview Content\"";
				ENABLE_PREVIEWS = YES;
				GENERATE_INFOPLIST_FILE = YES;
				"INFOPLIST_KEY_UIApplicationSceneManifest_Generation[sdk=iphoneos*]" = YES;
				"INFOPLIST_KEY_UIApplicationSceneManifest_Generation[sdk=iphonesimulator*]" = YES;
				"INFOPLIST_KEY_UIApplicationSupportsIndirectInputEvents[sdk=iphoneos*]" = YES;
				"INFOPLIST_KEY_UIApplicationSupportsIndirectInputEvents[sdk=iphonesimulator*]" = YES;
				"INFOPLIST_KEY_UILaunchScreen_Generation[sdk=iphoneos*]" = YES;
				"INFOPLIST_KEY_UILaunchScreen_Generation[sdk=iphonesimulator*]" = YES;
				"INFOPLIST_KEY_UIStatusBarStyle[sdk=iphoneos*]" = UIStatusBarStyleDefault;
				"INFOPLIST_KEY_UIStatusBarStyle[sdk=iphonesimulator*]" = UIStatusBarStyleDefault;
				INFOPLIST_KEY_UISupportedInterfaceOrientations_iPad = "UIInterfaceOrientationPortrait UIInterfaceOrientationPortraitUpsideDown UIInterfaceOrientationLandscapeLeft UIInterfaceOrientationLandscapeRight";
				INFOPLIST_KEY_UISupportedInterfaceOrientations_iPhone = "UIInterfaceOrientationPortrait UIInterfaceOrientationLandscapeLeft UIInterfaceOrientationLandscapeRight";
				IPHONEOS_DEPLOYMENT_TARGET = 15.6;
				LD_RUNPATH_SEARCH_PATHS = "@executable_path/Frameworks";
				"LD_RUNPATH_SEARCH_PATHS[sdk=macosx*]" = "@executable_path/../Frameworks";
				MACOSX_DEPLOYMENT_TARGET = 13.0;
				MARKETING_VERSION = 1.0;
				PRODUCT_BUNDLE_IDENTIFIER = io.objc.Health;
				PRODUCT_NAME = "$(TARGET_NAME)";
				SDKROOT = auto;
				SUPPORTED_PLATFORMS = "iphoneos iphonesimulator";
				SUPPORTS_MACCATALYST = NO;
				SUPPORTS_MAC_DESIGNED_FOR_IPHONE_IPAD = NO;
				SWIFT_EMIT_LOC_STRINGS = YES;
				SWIFT_VERSION = 5.0;
				TARGETED_DEVICE_FAMILY = "1,2";
			};
			name = Release;
		};
/* End XCBuildConfiguration section */

/* Begin XCConfigurationList section */
		17DC1C1B2913AE4B00E1EEDB /* Build configuration list for PBXProject "Health" */ = {
			isa = XCConfigurationList;
			buildConfigurations = (
				17DC1C2D2913AE4D00E1EEDB /* Debug */,
				17DC1C2E2913AE4D00E1EEDB /* Release */,
			);
			defaultConfigurationIsVisible = 0;
			defaultConfigurationName = Release;
		};
		17DC1C2F2913AE4D00E1EEDB /* Build configuration list for PBXNativeTarget "Health" */ = {
			isa = XCConfigurationList;
			buildConfigurations = (
				17DC1C302913AE4D00E1EEDB /* Debug */,
				17DC1C312913AE4D00E1EEDB /* Release */,
			);
			defaultConfigurationIsVisible = 0;
			defaultConfigurationName = Release;
		};
/* End XCConfigurationList section */
	};
	rootObject = 17DC1C182913AE4B00E1EEDB /* Project object */;
}
